version: 7
platforms:
- name: linux-64
environments:
  default:
    channels:
    - url: https://conda.anaconda.org/conda-forge/
    packages:
      linux-64:
      - conda: https://conda.anaconda.org/conda-forge/linux-64/_openmp_mutex-4.5-20_gnu.conda
      - conda: https://conda.anaconda.org/conda-forge/linux-64/binutils-2.46.1-default_h4852527_102.conda
      - conda: https://conda.anaconda.org/conda-forge/linux-64/binutils_impl_linux-64-2.46.1-default_hfdba357_102.conda
      - conda: https://conda.anaconda.org/conda-forge/linux-64/binutils_linux-64-2.46.1-default_h4852527_102.conda
      - conda: https://conda.anaconda.org/conda-forge/linux-64/bzip2-1.0.8-hda65f42_10.conda
      - conda: https://conda.anaconda.org/conda-forge/linux-64/c-compiler-1.11.0-h4d9bdce_0.conda
      - conda: https://conda.anaconda.org/conda-forge/linux-64/conda-gcc-specs-14.3.0-he8ccf15_20.conda
      - conda: https://conda.anaconda.org/conda-forge/linux-64/cppyy-3.5.0-py312h0a2e395_0.conda
      - conda: https://conda.anaconda.org/conda-forge/linux-64/cppyy-backend-1.15.3-py312h0a2e395_0.conda
      - conda: https://conda.anaconda.org/conda-forge/linux-64/cppyy-cling-6.32.8-py312h06935d5_0.conda
      - conda: https://conda.anaconda.org/conda-forge/linux-64/cpycppyy-1.13.0-py312h0a2e395_0.conda
      - conda: https://conda.anaconda.org/conda-forge/linux-64/cxx-compiler-1.11.0-hfcd1e18_0.conda
      - conda: https://conda.anaconda.org/conda-forge/linux-64/gcc-14.3.0-hc6a0c74_20.conda
      - conda: https://conda.anaconda.org/conda-forge/linux-64/gcc_impl_linux-64-14.3.0-h054831b_20.conda
      - conda: https://conda.anaconda.org/conda-forge/linux-64/gcc_linux-64-14.3.0-h50e9bb6_28.conda
      - conda: https://conda.anaconda.org/conda-forge/linux-64/gxx-14.3.0-he448592_7.conda
      - conda: https://conda.anaconda.org/conda-forge/linux-64/gxx_impl_linux-64-14.3.0-h99ea42b_20.conda
      - conda: https://conda.anaconda.org/conda-forge/linux-64/gxx_linux-64-14.3.0-h3ba8f88_28.conda
      - conda: https://conda.anaconda.org/conda-forge/linux-64/icu-78.3-py310h44b86e0_2.conda
      - conda: https://conda.anaconda.org/conda-forge/linux-64/ld_impl_linux-64-2.46.1-default_hbd61a6d_102.conda
      - conda: https://conda.anaconda.org/conda-forge/linux-64/libblas-3.11.0-11_h4a7cf45_openblas.conda
      - conda: https://conda.anaconda.org/conda-forge/linux-64/libcblas-3.11.0-11_h0358290_openblas.conda
      - conda: https://conda.anaconda.org/conda-forge/linux-64/libexpat-2.8.5-hd2095e1_0.conda
      - conda: https://conda.anaconda.org/conda-forge/linux-64/libffi-3.7.0-h81df57d_1.conda
      - conda: https://conda.anaconda.org/conda-forge/linux-64/libgcc-15.2.0-he0feb66_20.conda
      - conda: https://conda.anaconda.org/conda-forge/linux-64/libgfortran-15.2.0-h69a702a_20.conda
      - conda: https://conda.anaconda.org/conda-forge/linux-64/libgfortran5-15.2.0-h68bc16d_20.conda
      - conda: https://conda.anaconda.org/conda-forge/linux-64/libgomp-15.2.0-he0feb66_20.conda
      - conda: https://conda.anaconda.org/conda-forge/linux-64/liblapack-3.11.0-11_h47877c9_openblas.conda
      - conda: https://conda.anaconda.org/conda-forge/linux-64/liblzma-5.8.3-hb03c661_1.conda
      - conda: https://conda.anaconda.org/conda-forge/linux-64/libnsl-2.0.1-hb9d3cd8_1.conda
      - conda: https://conda.anaconda.org/conda-forge/linux-64/libopenblas-0.3.34-pthreads_h94d23a6_0.conda
      - conda: https://conda.anaconda.org/conda-forge/linux-64/libpython-3.12.14-h0c77377_3_cpython.conda
      - conda: https://conda.anaconda.org/conda-forge/linux-64/libsanitizer-14.3.0-h91d2232_20.conda
      - conda: https://conda.anaconda.org/conda-forge/linux-64/libsqlite-3.53.4-h13e7031_1.conda
      - conda: https://conda.anaconda.org/conda-forge/linux-64/libstdcxx-15.2.0-h934c35e_20.conda
      - conda: https://conda.anaconda.org/conda-forge/linux-64/libuuid-2.42.4-hcfc3c73_0.conda
      - conda: https://conda.anaconda.org/conda-forge/linux-64/libxcrypt-4.4.38-h280c20c_0.conda
      - conda: https://conda.anaconda.org/conda-forge/linux-64/libzlib-1.3.2-h25fd6f3_3.conda
      - conda: https://conda.anaconda.org/conda-forge/linux-64/ncurses-6.6-hdb14827_1.conda
      - conda: https://conda.anaconda.org/conda-forge/linux-64/numpy-2.5.3-py312he827f4e_0.conda
      - conda: https://conda.anaconda.org/conda-forge/linux-64/openssl-3.6.5-h781a0a9_0.conda
      - conda: https://conda.anaconda.org/conda-forge/linux-64/pydantic-core-2.46.5-py312hc767a74_2.conda
      - conda: https://conda.anaconda.org/conda-forge/linux-64/python-3.12.14-h5f976f7_3_cpython.conda
      - conda: https://conda.anaconda.org/conda-forge/linux-64/readline-8.3-hd6e31c0_1.conda
      - conda: https://conda.anaconda.org/conda-forge/linux-64/tk-8.6.13-noxft_h1df4ec4_4.conda
      - conda: https://conda.anaconda.org/conda-forge/linux-64/zstd-1.5.7-hb78ec9c_7.conda
      - conda: https://conda.anaconda.org/conda-forge/noarch/annotated-types-0.8.0-pyhd8ed1ab_0.conda
      - conda: https://conda.anaconda.org/conda-forge/noarch/ca-certificates-2026.7.22-hbd8a1cb_0.conda
      - conda: https://conda.anaconda.org/conda-forge/noarch/colorama-0.4.6-pyhd8ed1ab_1.conda
      - conda: https://conda.anaconda.org/conda-forge/noarch/exceptiongroup-1.3.1-pyhd8ed1ab_0.conda
      - conda: https://conda.anaconda.org/conda-forge/noarch/iniconfig-2.3.0-pyhd8ed1ab_0.conda
      - conda: https://conda.anaconda.org/conda-forge/noarch/kernel-headers_linux-64-4.18.0-he073ed8_9.conda
      - conda: https://conda.anaconda.org/conda-forge/noarch/libgcc-devel_linux-64-14.3.0-hf649bbc_120.conda
      - conda: https://conda.anaconda.org/conda-forge/noarch/libstdcxx-devel_linux-64-14.3.0-h9f08a49_120.conda
      - conda: https://conda.anaconda.org/conda-forge/noarch/packaging-26.3-pyhc364b38_0.conda
      - conda: https://conda.anaconda.org/conda-forge/noarch/pluggy-1.6.0-pyhf9edf01_1.conda
      - conda: https://conda.anaconda.org/conda-forge/noarch/pydantic-2.13.5-pyhcf101f3_0.conda
      - conda: https://conda.anaconda.org/conda-forge/noarch/pygments-2.21.0-pyhcf101f3_0.conda
      - conda: https://conda.anaconda.org/conda-forge/noarch/pytest-8.4.2-pyhcf101f3_1.conda
      - conda: https://conda.anaconda.org/conda-forge/noarch/python_abi-3.12-9_cp312.conda
      - conda: https://conda.anaconda.org/conda-forge/noarch/sysroot_linux-64-2.28-h4ee821c_9.conda
      - conda: https://conda.anaconda.org/conda-forge/noarch/tomli-2.4.1-pyhcf101f3_0.conda
      - conda: https://conda.anaconda.org/conda-forge/noarch/typing-extensions-4.16.0-h69aa097_0.conda
      - conda: https://conda.anaconda.org/conda-forge/noarch/typing-inspection-0.4.4-pyhcf101f3_0.conda
      - conda: https://conda.anaconda.org/conda-forge/noarch/typing_extensions-4.16.0-pyhcf101f3_0.conda
      - conda: https://conda.anaconda.org/conda-forge/noarch/tzdata-2026c-h151e31d_0.conda
packages:
- conda: https://conda.anaconda.org/conda-forge/linux-64/_openmp_mutex-4.5-20_gnu.conda
  build_number: 20
  sha256: 1dd3fffd892081df9726d7eb7e0dea6198962ba775bd88842135a4ddb4deb3c9
  md5: a9f577daf3de00bca7c3c76c0ecbd1de
  depends:
  - __glibc >=2.17,<3.0.a0
  - libgomp >=7.5.0
  constrains:
  - openmp_impl <0.0a0
  license: BSD-3-Clause
  license_family: BSD
  run_exports:
    strong:
    - _openmp_mutex >=4.5
  size: 28948
  timestamp: 1770939786096
- conda: https://conda.anaconda.org/conda-forge/linux-64/binutils-2.46.1-default_h4852527_102.conda
  sha256: 659c367ef49df7741749a2ad240b007d7df51b4f210505a78543deafb001e44c
  md5: e8452fe381cac5fff20563a07722dfa5
  depends:
  - binutils_impl_linux-64 >=2.46.1,<2.46.2.0a0
  license: GPL-3.0-only
  license_family: GPL
  run_exports: {}
  size: 35399
  timestamp: 1784214547142
- conda: https://conda.anaconda.org/conda-forge/linux-64/binutils_impl_linux-64-2.46.1-default_hfdba357_102.conda
  sha256: fb7bf36984a37ce7e4714d1d1da0bd0e3bfc679520f5cdc184afc676fd4b5da2
  md5: a0c5e0b7f58c8ceeb08e5bc41251d5a2
  depends:
  - ld_impl_linux-64 2.46.1 default_hbd61a6d_102
  - sysroot_linux-64
  - zstd >=1.5.7,<1.6.0a0
  license: GPL-3.0-only
  license_family: GPL
  run_exports: {}
  size: 3713752
  timestamp: 1784214522814
- conda: https://conda.anaconda.org/conda-forge/linux-64/binutils_linux-64-2.46.1-default_h4852527_102.conda
  sha256: 08d7238663fc408ba2ab60b02fa3d06a7ca9d872962e03e90c7e0fdecb7ed1d0
  md5: 32fd07abe84eb14f17c7f5cc6fa8df82
  depends:
  - binutils_impl_linux-64 2.46.1 default_hfdba357_102
  license: GPL-3.0-only
  license_family: GPL
  run_exports: {}
  size: 36337
  timestamp: 1784214551894
- conda: https://conda.anaconda.org/conda-forge/linux-64/bzip2-1.0.8-hda65f42_10.conda
  sha256: 1a0d382c515ebf55f8ee1f38c8b81bc95af5c2acc42ad53b66bc5df932032f96
  md5: e675fabcf81499adc7edf58124fb1e01
  depends:
  - __glibc >=2.17,<3.0.a0
  - libgcc >=14
  license: bzip2-1.0.6
  license_family: BSD
  run_exports:
    weak:
    - bzip2 >=1.0.8,<2.0a0
  size: 257808
  timestamp: 1785906269155
- conda: https://conda.anaconda.org/conda-forge/linux-64/c-compiler-1.11.0-h4d9bdce_0.conda
  sha256: 8e7a40f16400d7839c82581410aa05c1f8324a693c9d50079f8c50dc9fb241f0
  md5: abd85120de1187b0d1ec305c2173c71b
  depends:
  - binutils
  - gcc
  - gcc_linux-64 14.*
  license: BSD-3-Clause
  license_family: BSD
  run_exports: {}
  size: 6693
  timestamp: 1753098721814
- conda: https://conda.anaconda.org/conda-forge/linux-64/conda-gcc-specs-14.3.0-he8ccf15_20.conda
  sha256: 4f938c0e555ff03447ad1eb403396abbaa4d6abcf3bc9783ac7764e21153dcae
  md5: 490aa3a584bc4d782ef9088a47ca09b8
  depends:
  - gcc_impl_linux-64 >=14.3.0,<14.3.1.0a0
  license: GPL-3.0-only WITH GCC-exception-3.1
  license_family: GPL
  run_exports: {}
  size: 32238
  timestamp: 1784923472306
- conda: https://conda.anaconda.org/conda-forge/linux-64/cppyy-3.5.0-py312h0a2e395_0.conda
  sha256: 6c1776e8f89d87998fb54a627ca92755db4e288cb1240a11e99b88a0379f191c
  md5: 80d56b8a33cf3ddccf3571ccc497dc89
  depends:
  - python
  - cpycppyy ==1.13.0
  - cppyy-backend ==1.15.3
  - cppyy-cling ==6.32.8
  - __glibc >=2.17,<3.0.a0
  - libstdcxx >=14
  - libgcc >=14
  - python_abi 3.12.* *_cp312
  license: BSD-3-Clause
  license_family: BSD
  run_exports: {}
  size: 73172
  timestamp: 1765417303960
- conda: https://conda.anaconda.org/conda-forge/linux-64/cppyy-backend-1.15.3-py312h0a2e395_0.conda
  sha256: 75a0cd3a92633b85a8ec30c36ffbe370a49cb4743d0f89a364369b507c2b62e0
  md5: 6e313e912ff55d8510c8badc442f732c
  depends:
  - python
  - cppyy-cling ==6.32.8
  - libstdcxx >=14
  - libgcc >=14
  - __glibc >=2.17,<3.0.a0
  - python_abi 3.12.* *_cp312
  license: BSD-3-Clause
  license_family: BSD
  run_exports: {}
  size: 124413
  timestamp: 1765409390531
- conda: https://conda.anaconda.org/conda-forge/linux-64/cppyy-cling-6.32.8-py312h06935d5_0.conda
  sha256: 6984e66fcb1aeeed8965f1bc0a5c5b9bafbee99365be10f34abf3fd311e7abdd
  md5: 57bd5c3abdd1cf83b44d2f1f94c56429
  depends:
  - cxx-compiler
  - python
  - __glibc >=2.17,<3.0.a0
  - libstdcxx >=14
  - libgcc >=14
  - python_abi 3.12.* *_cp312
  - libzlib >=1.3.1,<2.0a0
  license: BSD-3-Clause
  license_family: BSD
  run_exports: {}
  size: 54366815
  timestamp: 1765369190554
- conda: https://conda.anaconda.org/conda-forge/linux-64/cpycppyy-1.13.0-py312h0a2e395_0.conda
  sha256: 7a715da8d12629a0b2c25bc9141fbf0212e737d9c08a308152888ec9733bc9f7
  md5: e8c901506957e396aaac7e2d066a6baf
  depends:
  - python
  - cppyy-backend ==1.15.3
  - cppyy-cling ==6.32.8
  - __glibc >=2.17,<3.0.a0
  - libstdcxx >=14
  - libgcc >=14
  - python_abi 3.12.* *_cp312
  license: BSD-3-Clause
  license_family: BSD
  run_exports: {}
  size: 414455
  timestamp: 1765412754259
- conda: https://conda.anaconda.org/conda-forge/linux-64/cxx-compiler-1.11.0-hfcd1e18_0.conda
  sha256: 3fcc97ae3e89c150401a50a4de58794ffc67b1ed0e1851468fcc376980201e25
  md5: 5da8c935dca9186673987f79cef0b2a5
  depends:
  - c-compiler 1.11.0 h4d9bdce_0
  - gxx
  - gxx_linux-64 14.*
  license: BSD-3-Clause
  license_family: BSD
  run_exports: {}
  size: 6635
  timestamp: 1753098722177
- conda: https://conda.anaconda.org/conda-forge/linux-64/gcc-14.3.0-hc6a0c74_20.conda
  sha256: 2890545801ef819f4c6180ba256908b14c1f0eb20b39558583232381ffb863f3
  md5: be8cf252cd52134e949346f0c3605ed5
  depends:
  - conda-gcc-specs
  - gcc_impl_linux-64 14.3.0 h054831b_20
  license: BSD-3-Clause
  license_family: BSD
  run_exports: {}
  size: 29051
  timestamp: 1784923553628
- conda: https://conda.anaconda.org/conda-forge/linux-64/gcc_impl_linux-64-14.3.0-h054831b_20.conda
  sha256: 09bb9b0d54b012c36a115e3ecebc80276df261555e847afbb3fbc7ab5566408c
  md5: 3dea03c0b8e4347049c729287bce1d49
  depends:
  - binutils_impl_linux-64 >=2.46.1
  - libgcc >=14.3.0
  - libgcc-devel_linux-64 14.3.0 hf649bbc_120
  - libgomp >=14.3.0
  - libsanitizer 14.3.0 h91d2232_20
  - libstdcxx >=14.3.0
  - libstdcxx-devel_linux-64 14.3.0 h9f08a49_120
  - sysroot_linux-64
  license: GPL-3.0-only WITH GCC-exception-3.1
  license_family: GPL
  run_exports: {}
  size: 73421270
  timestamp: 1784923379471
- conda: https://conda.anaconda.org/conda-forge/linux-64/gcc_linux-64-14.3.0-h50e9bb6_28.conda
  sha256: 9fd801f04e12cc3c8f0ea1f92086995ab7dc8071211e3452c506c5f5abf1a0ff
  md5: e1023d5c1fe4b3567b3fed605055ca9c
  depends:
  - gcc_impl_linux-64 14.3.0.*
  - binutils_linux-64
  - sysroot_linux-64
  license: BSD-3-Clause
  license_family: BSD
  run_exports:
    strong:
    - libgcc >=14
  size: 29378
  timestamp: 1785174996088
- conda: https://conda.anaconda.org/conda-forge/linux-64/gxx-14.3.0-he448592_7.conda
  sha256: 7acf0ee3039453aa69f16da063136335a3511f9c157e222def8d03c8a56a1e03
  md5: 91dc0abe7274ac5019deaa6100643265
  depends:
  - gcc 14.3.0.*
  - gxx_impl_linux-64 14.3.0.*
  license: BSD-3-Clause
  license_family: BSD
  run_exports: {}
  size: 30403
  timestamp: 1759966121169
- conda: https://conda.anaconda.org/conda-forge/linux-64/gxx_impl_linux-64-14.3.0-h99ea42b_20.conda
  sha256: 8cd46d6f94a5a34181492549e1e56e5795337007289e6ca30d9ff1864f0e33c1
  md5: 87c70ebae07297b78b4ae1a9438944e6
  depends:
  - gcc_impl_linux-64 14.3.0 h054831b_20
  - libstdcxx-devel_linux-64 14.3.0 h9f08a49_120
  - sysroot_linux-64
  - tzdata
  license: GPL-3.0-only WITH GCC-exception-3.1
  license_family: GPL
  run_exports: {}
  size: 14756288
  timestamp: 1784923528292
- conda: https://conda.anaconda.org/conda-forge/linux-64/gxx_linux-64-14.3.0-h3ba8f88_28.conda
  sha256: a3964e7050886e2287f80d4a45f4015e4adb172045f982499a7a2c021858848b
  md5: e4f3255737e8407459f18162ecc1c61c
  depends:
  - gxx_impl_linux-64 14.3.0.*
  - gcc_linux-64 ==14.3.0 h50e9bb6_28
  - binutils_linux-64
  - sysroot_linux-64
  license: BSD-3-Clause
  license_family: BSD
  run_exports:
    strong:
    - libstdcxx >=14
    - libgcc >=14
  size: 27881
  timestamp: 1785174996088
- conda: https://conda.anaconda.org/conda-forge/linux-64/icu-78.3-py310h44b86e0_2.conda
  sha256: 9f07834f0c546ab14d885ce0366285f61f44e326c0edd1fc63b8294e113ae432
  md5: 72a381cbad04f24b1c2a43ef707f45b4
  depends:
  - __glibc >=2.17,<3.0.a0
  - libstdcxx >=14
  - libgcc >=14
  license: MIT
  license_family: MIT
  run_exports:
    weak:
    - icu >=78.3,<79.0a0
  size: 14459115
  timestamp: 1786545741408
- conda: https://conda.anaconda.org/conda-forge/linux-64/ld_impl_linux-64-2.46.1-default_hbd61a6d_102.conda
  sha256: 27d83f1188cd19bcb7754a078b3fa7f4cfb8527f8eb2fde54dd01fc529d1adec
  md5: 449500f2c089da11c40f5c21312e3e07
  depends:
  - __glibc >=2.17,<3.0.a0
  - zstd >=1.5.7,<1.6.0a0
  constrains:
  - binutils_impl_linux-64 2.46.1
  license: GPL-3.0-only
  license_family: GPL
  run_exports: {}
  size: 745303
  timestamp: 1784214507189
- conda: https://conda.anaconda.org/conda-forge/linux-64/libblas-3.11.0-11_h4a7cf45_openblas.conda
  build_number: 11
  sha256: d942e0c820d60a613a6f786d074f0820fb6343e3f1ccfb110b1d98b44fb75968
  md5: b8cce1486f3c62f33291d6318c193d0d
  depends:
  - libopenblas >=0.3.34,<0.3.35.0a0
  - libopenblas >=0.3.34,<1.0a0
  constrains:
  - blas 2.311   openblas
  - libcblas   3.11.0   11*_openblas
  - liblapack  3.11.0   11*_openblas
  - liblapacke 3.11.0   11*_openblas
  - mkl <2027
  license: BSD-3-Clause
  license_family: BSD
  run_exports:
    weak:
    - libblas >=3.11.0,<4.0a0
  size: 18246
  timestamp: 1789061062982
- conda: https://conda.anaconda.org/conda-forge/linux-64/libcblas-3.11.0-11_h0358290_openblas.conda
  build_number: 11
  sha256: f7d1bbdea61cf94ba219d17b2cb571a29830f8025385af799bff5a7ad1ef45e6
  md5: 73a248c30811075059b5aeda766c2624
  depends:
  - libblas 3.11.0 11_h4a7cf45_openblas
  constrains:
  - blas 2.311   openblas
  - liblapack  3.11.0   11*_openblas
  - liblapacke 3.11.0   11*_openblas
  license: BSD-3-Clause
  license_family: BSD
  run_exports:
    weak:
    - libcblas >=3.11.0,<4.0a0
  size: 18196
  timestamp: 1789061068819
- conda: https://conda.anaconda.org/conda-forge/linux-64/libexpat-2.8.5-hd2095e1_0.conda
  sha256: 6de73033a7c5f712c9c5a54124e4581e025691029835e5bceaf10a333a7e7bc0
  md5: 72cfd2b95b0540247220b42f58a148d7
  depends:
  - __glibc >=2.17,<3.0.a0
  - libgcc >=15
  constrains:
  - expat 2.8.5.*
  license: MIT
  license_family: MIT
  run_exports: {}
  size: 77893
  timestamp: 1790346247149
- conda: https://conda.anaconda.org/conda-forge/linux-64/libffi-3.7.0-h81df57d_1.conda
  sha256: c8c7583ef063bc3c430f1d48298e5ad24f796a35c22ed5b14183325825a61106
  md5: 6525a0b06aa4fd390795f0740636a9dd
  depends:
  - __glibc >=2.17,<3.0.a0
  - libgcc >=15
  license: MIT
  license_family: MIT
  run_exports:
    weak:
    - libffi >=3.7.0,<3.8.0a0
  size: 68004
  timestamp: 1787753412298
- conda: https://conda.anaconda.org/conda-forge/linux-64/libgcc-15.2.0-he0feb66_20.conda
  sha256: e3b7bb287d1685b15781a6d9e3408d6ddaff23f5a1d0d6c0140619dd3950fe72
  md5: 3533de187cf7283f96bfdb28ad73e2bc
  depends:
  - __glibc >=2.17,<3.0.a0
  - _openmp_mutex >=4.5
  constrains:
  - libgomp 15.2.0 he0feb66_20
  - libgcc-ng ==15.2.0=*_20
  license: GPL-3.0-only WITH GCC-exception-3.1
  license_family: GPL
  run_exports: {}
  size: 1041122
  timestamp: 1784923795784
- conda: https://conda.anaconda.org/conda-forge/linux-64/libgfortran-15.2.0-h69a702a_20.conda
  sha256: 76d81032e264b74f519cc26962d5eb39547e0785fc9d2957bbc12e7a91214412
  md5: a450a08a63f940e9aa7b37692e71196a
  depends:
  - libgfortran5 15.2.0 h68bc16d_20
  constrains:
  - libgfortran-ng ==15.2.0=*_20
  license: GPL-3.0-only WITH GCC-exception-3.1
  license_family: GPL
  run_exports: {}
  size: 28103
  timestamp: 1784923831860
- conda: https://conda.anaconda.org/conda-forge/linux-64/libgfortran5-15.2.0-h68bc16d_20.conda
  sha256: 95122f42566dc9a62b9615d2372b3f3c75fa7bd8bb1eda53aa7532ce60d545eb
  md5: 4edbcbea1a8790a7d58e648523b69546
  depends:
  - __glibc >=2.17,<3.0.a0
  - libgcc >=15.2.0
  constrains:
  - libgfortran 15.2.0
  license: GPL-3.0-only WITH GCC-exception-3.1
  license_family: GPL
  run_exports: {}
  size: 2483727
  timestamp: 1784923810904
- conda: https://conda.anaconda.org/conda-forge/linux-64/libgomp-15.2.0-he0feb66_20.conda
  sha256: 30b8ff1bf43871a17c9de99e56171ef54cfbe690ffa86681628db5a00af97cf7
  md5: 49321086c41bb58fc4b6cd8cbb74679d
  depends:
  - __glibc >=2.17,<3.0.a0
  license: GPL-3.0-only WITH GCC-exception-3.1
  license_family: GPL
  run_exports:
    strong:
    - _openmp_mutex >=4.5
  size: 603998
  timestamp: 1784923730278
- conda: https://conda.anaconda.org/conda-forge/linux-64/liblapack-3.11.0-11_h47877c9_openblas.conda
  build_number: 11
  sha256: 1ad3f43c9319ef398a8ef45989f4903a06e3965b51e77fc669a4c894168a8411
  md5: 5622a13917855ce4b953b9e655cf9262
  depends:
  - libblas 3.11.0 11_h4a7cf45_openblas
  constrains:
  - blas 2.311   openblas
  - libcblas   3.11.0   11*_openblas
  - liblapacke 3.11.0   11*_openblas
  license: BSD-3-Clause
  license_family: BSD
  run_exports:
    weak:
    - liblapack >=3.11.0,<3.12.0a0
  size: 18227
  timestamp: 1789061073957
- conda: https://conda.anaconda.org/conda-forge/linux-64/liblzma-5.8.3-hb03c661_1.conda
  sha256: 9787df8c22a59c9a70d3e5a10db9ad663485e75e9ccc3f09bd092cb7b95e0dab
  md5: 1390b7c5ac0b1d8e447bc5efa6d3c8c2
  depends:
  - __glibc >=2.17,<3.0.a0
  - libgcc >=14
  constrains:
  - xz 5.8.3.*
  license: 0BSD
  run_exports:
    weak:
    - liblzma >=5.8.3,<6.0a0
  size: 112995
  timestamp: 1786348617826
- conda: https://conda.anaconda.org/conda-forge/linux-64/libnsl-2.0.1-hb9d3cd8_1.conda
  sha256: 927fe72b054277cde6cb82597d0fcf6baf127dcbce2e0a9d8925a68f1265eef5
  md5: d864d34357c3b65a4b731f78c0801dc4
  depends:
  - __glibc >=2.17,<3.0.a0
  - libgcc >=13
  license: LGPL-2.1-only
  license_family: GPL
  run_exports:
    weak:
    - libnsl >=2.0.1,<2.1.0a0
  size: 33731
  timestamp: 1750274110928
- conda: https://conda.anaconda.org/conda-forge/linux-64/libopenblas-0.3.34-pthreads_h94d23a6_0.conda
  sha256: 23392fc4f4e5ba230fcd1ef825878ba5ca7ee4f6259fac0cbb13299134b7bf7a
  md5: c282d68f272927612462b5d626838ef1
  depends:
  - __glibc >=2.17,<3.0.a0
  - libgcc >=14
  - libgfortran
  - libgfortran5 >=14.3.0
  constrains:
  - openblas >=0.3.34,<0.3.35.0a0
  license: BSD-3-Clause
  license_family: BSD
  run_exports:
    weak:
    - libopenblas >=0.3.34,<1.0a0
  size: 5952629
  timestamp: 1784287497473
- conda: https://conda.anaconda.org/conda-forge/linux-64/libpython-3.12.14-h0c77377_3_cpython.conda
  build_number: 3
  sha256: 6be16a4906d83eb8e9e04375d524f339f426a847cffd294f1ceb0611988dc17a
  md5: d247b7632f09324c11f24b5270361385
  depends:
  - __glibc >=2.17,<3.0.a0
  - libgcc >=15
  - libstdcxx >=15
  license: Python-2.0
  run_exports: {}
  size: 8770625
  timestamp: 1788392466381
- conda: https://conda.anaconda.org/conda-forge/linux-64/libsanitizer-14.3.0-h91d2232_20.conda
  sha256: 4b685b1da0f85f4771e1b243e66cf2cf7b2e625caa440efc082d800a4e9b091e
  md5: 1a94c6901b312ea415d280502e11e73f
  depends:
  - __glibc >=2.17,<3.0.a0
  - libgcc >=14.3.0
  - libstdcxx >=14.3.0
  license: GPL-3.0-only WITH GCC-exception-3.1
  license_family: GPL
  run_exports:
    weak:
    - libsanitizer 14.3.0
  size: 7299538
  timestamp: 1784923340505
- conda: https://conda.anaconda.org/conda-forge/linux-64/libsqlite-3.53.4-h13e7031_1.conda
  sha256: f20d70da54e5b31dd4a51fb1efeaafafd5ab6dd8d7ac9d1438eaa2526ac4ed3d
  md5: e72bbec309c2b0f37823ee7d4fabfcd3
  depends:
  - __glibc >=2.17,<3.0.a0
  - icu >=78.3,<79.0a0
  - libgcc >=15
  - libzlib >=1.3.2,<2.0a0
  license: blessing
  run_exports:
    weak:
    - libsqlite >=3.53.4,<4.0a0
  size: 974348
  timestamp: 1787051145557
- conda: https://conda.anaconda.org/conda-forge/linux-64/libstdcxx-15.2.0-h934c35e_20.conda
  sha256: b5eadda8fb0df262f0d424c4a0c8c1c8d65d904ce622f07936c793ea1b8a39d9
  md5: fbd3d5506b11b5cfc916b29263b6b6f7
  depends:
  - __glibc >=2.17,<3.0.a0
  - libgcc 15.2.0 he0feb66_20
  constrains:
  - libstdcxx-ng ==15.2.0=*_20
  license: GPL-3.0-only WITH GCC-exception-3.1
  license_family: GPL
  run_exports: {}
  size: 5857690
  timestamp: 1784923825011
- conda: https://conda.anaconda.org/conda-forge/linux-64/libuuid-2.42.4-hcfc3c73_0.conda
  sha256: f34b8d1de9a2bf62476d8608057d9b8a918d97444236dc53a47128f2fae79041
  md5: 54a948337e66706380ff24d6b5fde63f
  depends:
  - libgcc >=15
  - __glibc >=2.17,<3.0.a0
  license: BSD-3-Clause
  license_family: BSD
  run_exports:
    weak:
    - libuuid >=2.42.4,<3.0a0
  size: 34442
  timestamp: 1790121449161
- conda: https://conda.anaconda.org/conda-forge/linux-64/libxcrypt-4.4.38-h280c20c_0.conda
  sha256: f7e9292dd219a6435bbb1223da9586c3e70d66d169c5a92f08db3f2127df04e9
  md5: f7a7ff5a6ab331e037abd34f379a631d
  depends:
  - libgcc >=14
  - __glibc >=2.17,<3.0.a0
  license: LGPL-2.1-or-later
  run_exports:
    weak:
    - libxcrypt >=4.4.38
  size: 101957
  timestamp: 1785887123445
- conda: https://conda.anaconda.org/conda-forge/linux-64/libzlib-1.3.2-h25fd6f3_3.conda
  sha256: eb8a0db0aa570124f7d2a93d7c7f596e3390df5e047818d873baad32985fc736
  md5: 0de0122d9570a8ab637c6b73db268389
  depends:
  - __glibc >=2.17,<3.0.a0
  constrains:
  - zlib 1.3.2 *_3
  license: Zlib
  license_family: Other
  run_exports:
    weak:
    - libzlib >=1.3.2,<2.0a0
  size: 63713
  timestamp: 1785362952714
- conda: https://conda.anaconda.org/conda-forge/linux-64/ncurses-6.6-hdb14827_1.conda
  sha256: 5d46557214ed184381dafe835b7c94a474a1c3b307a08a250b1ea4779b44ffb3
  md5: ee6c0cd80a60961a1f48aa3e0b91f986
  depends:
  - __glibc >=2.17,<3.0.a0
  - libgcc >=14
  license: X11 AND BSD-3-Clause
  run_exports:
    weak:
    - ncurses >=6.6,<7.0a0
  size: 911196
  timestamp: 1786355078102
- conda: https://conda.anaconda.org/conda-forge/linux-64/numpy-2.5.3-py312he827f4e_0.conda
  sha256: 5b0e4c7757a2df883c5615a8f64bc4c113c4cd303ae6caa3ada5d397d114ce2a
  md5: 5abf073f2cf066f2f3d28229b3cbe94d
  depends:
  - python
  - libstdcxx >=15
  - libgcc >=15
  - __glibc >=2.17,<3.0.a0
  - python_abi 3.12.* *_cp312
  - libblas >=3.9.0,<4.0a0
  - libcblas >=3.9.0,<4.0a0
  - liblapack >=3.9.0,<4.0a0
  constrains:
  - numpy-base <0a0
  license: BSD-3-Clause
  license_family: BSD
  run_exports:
    weak:
    - numpy >=1.25,<3
  size: 9230861
  timestamp: 1788731992112
- conda: https://conda.anaconda.org/conda-forge/linux-64/openssl-3.6.5-h781a0a9_0.conda
  sha256: 9c1533f1cf784f0e250919c0c9762d0b0e6bc727a79290ffb7cea1ceca1d038c
  md5: 5a51a2ea653f120240b1a9bf76e0aae9
  depends:
  - __glibc >=2.17,<3.0.a0
  - ca-certificates
  - libgcc >=15
  license: Apache-2.0
  license_family: Apache
  run_exports:
    weak:
    - openssl >=3.6.5,<4.0a0
  size: 3195299
  timestamp: 1791098052301
- conda: https://conda.anaconda.org/conda-forge/linux-64/pydantic-core-2.46.5-py312hc767a74_2.conda
  sha256: 64ef841c88756f8d1ca9c241c0ab1585ad5a9cb8d0bfe0555c201c2ad0e3c701
  md5: f7a033135df967ea983fe4833856d2b1
  depends:
  - python
  - typing-extensions >=4.6.0,!=4.7.0
  - libgcc >=15
  - __glibc >=2.17,<3.0.a0
  - python_abi 3.12.* *_cp312
  constrains:
  - __glibc >=2.17
  license: MIT
  license_family: MIT
  run_exports: {}
  size: 1877770
  timestamp: 1789996105430
- conda: https://conda.anaconda.org/conda-forge/linux-64/python-3.12.14-h5f976f7_3_cpython.conda
  build_number: 3
  sha256: 14c579b1016da04e4c9f1c5c857272d83ec447317d8c4074a07d59de3cef70ef
  md5: 98be3cf76eca2e8871f907a03aed3b84
  depends:
  - __glibc >=2.17,<3.0.a0
  - bzip2 >=1.0.8,<2.0a0
  - ld_impl_linux-64 >=2.36.1
  - libexpat >=2.8.1,<3.0a0
  - libffi >=3.7.0,<3.8.0a0
  - libgcc >=15
  - liblzma >=5.8.3,<6.0a0
  - libnsl >=2.0.1,<2.1.0a0
  - libpython 3.12.14 h0c77377_3_cpython
  - libsqlite >=3.53.4,<4.0a0
  - libuuid >=2.42.3,<3.0a0
  - libxcrypt >=4.4.38
  - libzlib >=1.3.2,<2.0a0
  - ncurses >=6.6,<7.0a0
  - openssl >=3.5.8,<4.0a0
  - readline >=8.3,<9.0a0
  - tk >=8.6.13,<8.7.0a0
  - tzdata
  constrains:
  - python_abi 3.12.* *_cp312
  license: Python-2.0
  run_exports:
    weak:
    - python_abi 3.12.* *_cp312
    noarch:
    - python
  size: 23044161
  timestamp: 1788392496306
- conda: https://conda.anaconda.org/conda-forge/linux-64/readline-8.3-hd6e31c0_1.conda
  sha256: 01b3fe073a66e321970d09e04b388708f8cbdca5cdfbfcb7c9eeb470ad10383d
  md5: 69c01c781e7c8190bbdaf79e3848c5ca
  depends:
  - __glibc >=2.17,<3.0.a0
  - libgcc >=15
  - ncurses >=6.6,<7.0a0
  license: GPL-3.0-only
  license_family: GPL
  run_exports:
    weak:
    - readline >=8.3,<9.0a0
  size: 348899
  timestamp: 1787033801506
- conda: https://conda.anaconda.org/conda-forge/linux-64/tk-8.6.13-noxft_h1df4ec4_4.conda
  build_number: 104
  sha256: a1a241d172c1ccab067ba245206dd048bc3c2d1b84504b53c9468e99adfc16a1
  md5: 676a2f9b1c4fcf57b70aa5c65f6c60d0
  depends:
  - libgcc >=15
  - __glibc >=2.17,<3.0.a0
  - libzlib >=1.3.2,<2.0a0
  constrains:
  - xorg-libx11 >=1.8.13,<2.0a0
  license: TCL
  run_exports:
    weak:
    - tk >=8.6.13,<8.7.0a0
  size: 3566806
  timestamp: 1787272857910
- conda: https://conda.anaconda.org/conda-forge/linux-64/zstd-1.5.7-hb78ec9c_7.conda
  sha256: 47d682b9f6d6ec9eb1a6e6c3e75ea6273e899e78fb7fc59f81d39745009fbc60
  md5: aa459086047c0e5e27023ab19f8cb86a
  depends:
  - __glibc >=2.17,<3.0.a0
  - libzlib >=1.3.2,<2.0a0
  license: BSD-3-Clause
  license_family: BSD
  run_exports:
    weak:
    - zstd >=1.5.7,<1.6.0a0
  size: 601301
  timestamp: 1786599621503
- conda: https://conda.anaconda.org/conda-forge/noarch/annotated-types-0.8.0-pyhd8ed1ab_0.conda
  sha256: b8fcb994134d3918d1c64a9d62f4168ff85d5bfb89e698102fe4ed679fe0df24
  md5: 108c928d2a8551832dbc762b535e90bb
  depends:
  - python >=3.10
  - typing-extensions >=4.0.0
  license: MIT
  license_family: MIT
  run_exports: {}
  size: 19461
  timestamp: 1784935220549
- conda: https://conda.anaconda.org/conda-forge/noarch/ca-certificates-2026.7.22-hbd8a1cb_0.conda
  sha256: 0a0544cf95f64394fe4959286f5c71f5444ad58feb0602e53becb27448d24da6
  md5: 0f51e2391ade309db462a55611263e9c
  depends:
  - __unix
  license: ISC
  run_exports: {}
  size: 131780
  timestamp: 1784754889428
- conda: https://conda.anaconda.org/conda-forge/noarch/colorama-0.4.6-pyhd8ed1ab_1.conda
  sha256: ab29d57dc70786c1269633ba3dff20288b81664d3ff8d21af995742e2bb03287
  md5: 962b9857ee8e7018c22f2776ffa0b2d7
  depends:
  - python >=3.9
  license: BSD-3-Clause
  license_family: BSD
  run_exports: {}
  size: 27011
  timestamp: 1733218222191
- conda: https://conda.anaconda.org/conda-forge/noarch/exceptiongroup-1.3.1-pyhd8ed1ab_0.conda
  sha256: ee6cf346d017d954255bbcbdb424cddea4d14e4ed7e9813e429db1d795d01144
  md5: 8e662bd460bda79b1ea39194e3c4c9ab
  depends:
  - python >=3.10
  - typing_extensions >=4.6.0
  license: MIT and PSF-2.0
  run_exports: {}
  size: 21333
  timestamp: 1763918099466
- conda: https://conda.anaconda.org/conda-forge/noarch/iniconfig-2.3.0-pyhd8ed1ab_0.conda
  sha256: e1a9e3b1c8fe62dc3932a616c284b5d8cbe3124bbfbedcf4ce5c828cb166ee19
  md5: 9614359868482abba1bd15ce465e3c42
  depends:
  - python >=3.10
  license: MIT
  license_family: MIT
  run_exports: {}
  size: 13387
  timestamp: 1760831448842
- conda: https://conda.anaconda.org/conda-forge/noarch/kernel-headers_linux-64-4.18.0-he073ed8_9.conda
  sha256: 41557eeadf641de6aeae49486cef30d02a6912d8da98585d687894afd65b356a
  md5: 86d9cba083cd041bfbf242a01a7a1999
  constrains:
  - sysroot_linux-64 ==2.28
  license: LGPL-2.0-or-later AND LGPL-2.0-or-later WITH exceptions AND GPL-2.0-or-later
  license_family: GPL
  run_exports: {}
  size: 1278712
  timestamp: 1765578681495
- conda: https://conda.anaconda.org/conda-forge/noarch/libgcc-devel_linux-64-14.3.0-hf649bbc_120.conda
  sha256: 9e2a3e7de26fc149707f9ff3988dc3e6a0b9534aea1bedcaa6ec9ba93dfdd013
  md5: a19545f77b60b60b10385b6a654e3943
  depends:
  - __unix
  license: GPL-3.0-only WITH GCC-exception-3.1
  license_family: GPL
  run_exports: {}
  size: 3089154
  timestamp: 1784923231358
- conda: https://conda.anaconda.org/conda-forge/noarch/libstdcxx-devel_linux-64-14.3.0-h9f08a49_120.conda
  sha256: 5b7fd889a648c71d71a7cdda09107c0f189aa306f77c33cd66678a56cb225e53
  md5: 0cb29441b705f9a0b251289168265642
  depends:
  - __unix
  license: GPL-3.0-only WITH GCC-exception-3.1
  license_family: GPL
  run_exports: {}
  size: 19363621
  timestamp: 1784923252546
- conda: https://conda.anaconda.org/conda-forge/noarch/packaging-26.3-pyhc364b38_0.conda
  sha256: c432626b16768b8dab228bfb706f7060c2d462a21c516d240f68f2f902b5a044
  md5: 936687ed80f295a1f5dbcf8bd34c252c
  depends:
  - python >=3.9
  - python
  license: Apache-2.0
  license_family: APACHE
  run_exports: {}
  size: 116363
  timestamp: 1785888127370
- conda: https://conda.anaconda.org/conda-forge/noarch/pluggy-1.6.0-pyhf9edf01_1.conda
  sha256: e14aafa63efa0528ca99ba568eaf506eb55a0371d12e6250aaaa61718d2eb62e
  md5: d7585b6550ad04c8c5e21097ada2888e
  depends:
  - python >=3.9
  - python
  license: MIT
  license_family: MIT
  run_exports: {}
  size: 25877
  timestamp: 1764896838868
- conda: https://conda.anaconda.org/conda-forge/noarch/pydantic-2.13.5-pyhcf101f3_0.conda
  sha256: 701ed8122021f62e1c9a46bdf4932ada911c10afa56ba0459f56da940bcbe5a7
  md5: 2d0f9304fc1cb1e3e94e7b37c14cd70a
  depends:
  - typing-inspection >=0.4.2
  - typing_extensions >=4.14.1
  - python >=3.10
  - annotated-types >=0.6.0
  - pydantic-core ==2.46.5
  - python
  license: MIT
  license_family: MIT
  run_exports: {}
  size: 346633
  timestamp: 1787941273167
- conda: https://conda.anaconda.org/conda-forge/noarch/pygments-2.21.0-pyhcf101f3_0.conda
  sha256: f5f015ff1bc3e1b7fc08eee096b1865234189ae0b82bebdb86a5369116e42fa0
  md5: 2882dee445dfa45b0c5afce3ffb7730a
  depends:
  - python >=3.10
  - python
  license: BSD-2-Clause
  license_family: BSD
  run_exports: {}
  size: 959376
  timestamp: 1786995678795
- conda: https://conda.anaconda.org/conda-forge/noarch/pytest-8.4.2-pyhcf101f3_1.conda
  sha256: 39f41a52eb6f927caf5cd42a2ff98a09bb850ce9758b432869374b6253826962
  md5: da0c42269086f5170e2b296878ec13a6
  depends:
  - pygments >=2.7.2
  - python >=3.10
  - iniconfig >=1
  - packaging >=20
  - pluggy >=1.5,<2
  - tomli >=1
  - colorama >=0.4
  - exceptiongroup >=1
  - python
  constrains:
  - pytest-faulthandler >=2
  license: MIT
  license_family: MIT
  run_exports: {}
  size: 294852
  timestamp: 1762354779909
- conda: https://conda.anaconda.org/conda-forge/noarch/python_abi-3.12-9_cp312.conda
  build_number: 9
  sha256: ee9c2922e07afc85fc82d5fa82c9ac2c79da3be3283a5e17bf2f2ae38dbd02fb
  md5: 4c32076993e6270825441d059ab5c18b
  constrains:
  - python 3.12.* *_cpython
  license: BSD-3-Clause
  license_family: BSD
  run_exports: {}
  size: 6751
  timestamp: 1788302823694
- conda: https://conda.anaconda.org/conda-forge/noarch/sysroot_linux-64-2.28-h4ee821c_9.conda
  sha256: c47299fe37aebb0fcf674b3be588e67e4afb86225be4b0d452c7eb75c086b851
  md5: 13dc3adbc692664cd3beabd216434749
  depends:
  - __glibc >=2.28
  - kernel-headers_linux-64 4.18.0 he073ed8_9
  - tzdata
  license: LGPL-2.0-or-later AND LGPL-2.0-or-later WITH exceptions AND GPL-2.0-or-later
  license_family: GPL
  run_exports:
    strong:
    - __glibc >=2.28,<3.0.a0
  size: 24008591
  timestamp: 1765578833462
- conda: https://conda.anaconda.org/conda-forge/noarch/tomli-2.4.1-pyhcf101f3_0.conda
  sha256: 91cafdb64268e43e0e10d30bd1bef5af392e69f00edd34dfaf909f69ab2da6bd
  md5: b5325cf06a000c5b14970462ff5e4d58
  depends:
  - python >=3.10
  - python
  license: MIT
  license_family: MIT
  run_exports: {}
  size: 21561
  timestamp: 1774492402955
- conda: https://conda.anaconda.org/conda-forge/noarch/typing-extensions-4.16.0-h69aa097_0.conda
  sha256: b141933ece3518f6d7b75dfb59451e2f26b405a44c18e2518a83e9a02e09315c
  md5: c680b5747e8c4c8f23dca0bb7042a8fc
  depends:
  - typing_extensions ==4.16.0 pyhcf101f3_0
  license: PSF-2.0
  license_family: PSF
  run_exports: {}
  size: 94080
  timestamp: 1783002732887
- conda: https://conda.anaconda.org/conda-forge/noarch/typing-inspection-0.4.4-pyhcf101f3_0.conda
  sha256: 293c66b208468d186a94ff486c2ffbf67859a2bde8c88e965fc9d06c517191b2
  md5: 880e91eac5d926568ef278e20554148e
  depends:
  - python >=3.10
  - typing_extensions >=4.15.0
  - python
  license: MIT
  license_family: MIT
  run_exports: {}
  size: 21070
  timestamp: 1786818918217
- conda: https://conda.anaconda.org/conda-forge/noarch/typing_extensions-4.16.0-pyhcf101f3_0.conda
  sha256: 2d888f90af0686044882c74193ec80a90ec1943145d94a7b1b048958acda1848
  md5: c70ad746c22219b9700931707482992c
  depends:
  - python >=3.10
  - python
  license: PSF-2.0
  license_family: PSF
  run_exports: {}
  size: 52631
  timestamp: 1783002732887
- conda: https://conda.anaconda.org/conda-forge/noarch/tzdata-2026c-h151e31d_0.conda
  sha256: b928c30ddcb0e3f544c6eade8352737e6e610e263276b90232db6a578ef899d8
  md5: fcb489df604d100968b737f2cb6076c6
  license: LicenseRef-Public-Domain
  run_exports: {}
  size: 118849
  timestamp: 1784250406640
